schema: '2.0'
stages:
  fetch_histo_seg_manifest:
    cmd: python scripts/download_mendeley_histoseg.py --dataset-id vccj8mp2cg 
      --expected-version 2 --manifest-out data/metadata/histo_seg_manifest.json
    deps:
    - path: params.yaml
      hash: md5
      md5: d9563f8ef8b8b4da67a9191c0b6865e2
      size: 1311
    - path: scripts/download_mendeley_histoseg.py
      hash: md5
      md5: f75b10f57d9aa5cb501befb50f69ded4
      size: 7671
    params:
      params.yaml:
        dataset.expected_version: 2
        dataset.id: vccj8mp2cg
        dataset.manifest_json: data/metadata/histo_seg_manifest.json
    outs:
    - path: data/metadata/histo_seg_manifest.json
      hash: md5
      md5: e2304a0b60093525d5c0a382a02b33d2
      size: 42325
  render_runtime_configs:
    cmd: python scripts/render_runtime_configs.py --params params.yaml 
      --phase1-template configs/sdxl_lora_phase1_skin_histology.yaml 
      --phase2-template configs/sdxl_lora_phase2_reward_skin_histology.yaml 
      --phase3-template 
      configs/sdxl_lora_phase3_morph_reward_skin_histology.yaml --phase1-out 
      configs/runtime/sdxl_lora_phase1_skin_histology.runtime.yaml --phase2-out 
      configs/runtime/sdxl_lora_phase2_reward_skin_histology.runtime.yaml 
      --phase3-out 
      configs/runtime/sdxl_lora_phase3_morph_reward_skin_histology.runtime.yaml 
      --summary-out data/metadata/runtime_config_sync.json
    deps:
    - path: configs/sdxl_lora_phase1_skin_histology.yaml
      hash: md5
      md5: 5162bc7f355ed8cd3b08a598400fec92
      size: 2110
    - path: configs/sdxl_lora_phase2_reward_skin_histology.yaml
      hash: md5
      md5: e17784d630dcad9041f81874f0fdb0f2
      size: 2611
    - path: configs/sdxl_lora_phase3_morph_reward_skin_histology.yaml
      hash: md5
      md5: 503bc239374d2cf6a21b8713074becb8
      size: 2736
    - path: params.yaml
      hash: md5
      md5: 02fe780bb0af9adcd669833d7ad87239
      size: 1506
    - path: scripts/render_runtime_configs.py
      hash: md5
      md5: df81eed07f52a401338f13b9cd6c356e
      size: 4862
    params:
      params.yaml:
        dataset.pairs_csv: data/processed/histoseg_patch_pairs.csv
        gradcam.output_dir: data/artifacts/patches/masks
        models.classifier_checkpoint: 
          outputs/classifiers/histoseg_effnet_b0_binary.pth
        models.kohya_scripts_dir: 
          /home/fertroll10/Documents/ML/SUS_scraper/oral_lesions_project/kohya_ss/sd-scripts
        models.sdxl_base_model: 
          /home/fertroll10/Documents/ML/SUS_scraper/pretrained_models/sd_xl_base_1.0.safetensors
        pipeline.phase1_runtime: 
          configs/runtime/sdxl_lora_phase1_skin_histology.runtime.yaml
        pipeline.phase1_template: configs/sdxl_lora_phase1_skin_histology.yaml
        pipeline.phase2_runtime: 
          configs/runtime/sdxl_lora_phase2_reward_skin_histology.runtime.yaml
        pipeline.phase2_template: 
          configs/sdxl_lora_phase2_reward_skin_histology.yaml
        pipeline.phase3_runtime: 
          configs/runtime/sdxl_lora_phase3_morph_reward_skin_histology.runtime.yaml
        pipeline.phase3_template: 
          configs/sdxl_lora_phase3_morph_reward_skin_histology.yaml
    outs:
    - path: configs/runtime/sdxl_lora_phase1_skin_histology.runtime.yaml
      hash: md5
      md5: 0ce7c8906445c0233a08db3c04b115ed
      size: 2164
    - path: configs/runtime/sdxl_lora_phase2_reward_skin_histology.runtime.yaml
      hash: md5
      md5: df95e97c012799030f044daceecc725d
      size: 2538
    - path: 
        configs/runtime/sdxl_lora_phase3_morph_reward_skin_histology.runtime.yaml
      hash: md5
      md5: ea6a238442f2ff87a8f72f95db6e9013
      size: 2727
    - path: data/metadata/runtime_config_sync.json
      hash: md5
      md5: 3f95ac97fb2bdbf9c2f42e93ec423c57
      size: 781
  download_histo_seg_dataset:
    cmd: python scripts/download_mendeley_histoseg.py --manifest-in 
      data/metadata/histo_seg_manifest.json --download --download-dir 
      data/raw/histo_seg_v2 --skip-existing
    deps:
    - path: data/metadata/histo_seg_manifest.json
      hash: md5
      md5: e2304a0b60093525d5c0a382a02b33d2
      size: 42325
    - path: params.yaml
      hash: md5
      md5: d9563f8ef8b8b4da67a9191c0b6865e2
      size: 1311
    - path: scripts/download_mendeley_histoseg.py
      hash: md5
      md5: f75b10f57d9aa5cb501befb50f69ded4
      size: 7671
    params:
      params.yaml:
        dataset.download_dir: data/raw/histo_seg_v2
    outs:
    - path: data/raw/histo_seg_v2
      hash: md5
      md5: 7e25c90abaef3feca3c9e3f8b4ef101d.dir
      size: 2964819087
      nfiles: 76
  build_histoseg_pairs_csv:
    cmd: python scripts/build_histoseg_pairs_csv.py --dataset-dir 
      data/raw/histo_seg_v2 --output-csv data/processed/histoseg_pairs.csv 
      --stats-json data/processed/histoseg_pairs_stats.json
    deps:
    - path: data/raw/histo_seg_v2
      hash: md5
      md5: 7e25c90abaef3feca3c9e3f8b4ef101d.dir
      size: 2964819087
      nfiles: 76
    - path: params.yaml
      hash: md5
      md5: d9563f8ef8b8b4da67a9191c0b6865e2
      size: 1311
    - path: scripts/build_histoseg_pairs_csv.py
      hash: md5
      md5: 1d4a125b0e321e81b5bc98b993db138d
      size: 7484
    params:
      params.yaml:
        dataset.pairs_csv: data/processed/histoseg_pairs.csv
        dataset.pairs_stats_json: data/processed/histoseg_pairs_stats.json
    outs:
    - path: data/processed/histoseg_pairs.csv
      hash: md5
      md5: d21e63f94d9c7c494556dc607c496451
      size: 13254
    - path: data/processed/histoseg_pairs_stats.json
      hash: md5
      md5: a9576f3a70db67491f75fd6bd7d35005
      size: 472
