schema: '2.0'
stages:
  fetch_histo_seg_manifest:
    cmd: python scripts/download_mendeley_histoseg.py --dataset-id vccj8mp2cg 
      --expected-version 2 --manifest-out data/metadata/histo_seg_manifest.json
    deps:
    - path: params.yaml
      hash: md5
      md5: d9563f8ef8b8b4da67a9191c0b6865e2
      size: 1311
    - path: scripts/download_mendeley_histoseg.py
      hash: md5
      md5: f75b10f57d9aa5cb501befb50f69ded4
      size: 7671
    params:
      params.yaml:
        dataset.expected_version: 2
        dataset.id: vccj8mp2cg
        dataset.manifest_json: data/metadata/histo_seg_manifest.json
    outs:
    - path: data/metadata/histo_seg_manifest.json
      hash: md5
      md5: e2304a0b60093525d5c0a382a02b33d2
      size: 42325
  render_runtime_configs:
    cmd: python scripts/render_runtime_configs.py --params params.yaml 
      --phase1-template configs/sdxl_lora_phase1_skin_histology.yaml 
      --phase2-template configs/sdxl_lora_phase2_reward_skin_histology.yaml 
      --phase3-template 
      configs/sdxl_lora_phase3_morph_reward_skin_histology.yaml --phase1-out 
      configs/runtime/sdxl_lora_phase1_skin_histology.runtime.yaml --phase2-out 
      configs/runtime/sdxl_lora_phase2_reward_skin_histology.runtime.yaml 
      --phase3-out 
      configs/runtime/sdxl_lora_phase3_morph_reward_skin_histology.runtime.yaml 
      --summary-out data/metadata/runtime_config_sync.json
    deps:
    - path: configs/sdxl_lora_phase1_skin_histology.yaml
      hash: md5
      md5: 5162bc7f355ed8cd3b08a598400fec92
      size: 2110
    - path: configs/sdxl_lora_phase2_reward_skin_histology.yaml
      hash: md5
      md5: e17784d630dcad9041f81874f0fdb0f2
      size: 2611
    - path: configs/sdxl_lora_phase3_morph_reward_skin_histology.yaml
      hash: md5
      md5: 503bc239374d2cf6a21b8713074becb8
      size: 2736
    - path: params.yaml
      hash: md5
      md5: 02fe780bb0af9adcd669833d7ad87239
      size: 1506
    - path: scripts/render_runtime_configs.py
      hash: md5
      md5: df81eed07f52a401338f13b9cd6c356e
      size: 4862
    params:
      params.yaml:
        dataset.pairs_csv: data/processed/histoseg_patch_pairs.csv
        gradcam.output_dir: data/artifacts/patches/masks
        models.classifier_checkpoint: 
          outputs/classifiers/histoseg_effnet_b0_binary.pth
        models.kohya_scripts_dir: 
          /home/fertroll10/Documents/ML/SUS_scraper/oral_lesions_project/kohya_ss/sd-scripts
        models.sdxl_base_model: 
          /home/fertroll10/Documents/ML/SUS_scraper/pretrained_models/sd_xl_base_1.0.safetensors
        pipeline.phase1_runtime: 
          configs/runtime/sdxl_lora_phase1_skin_histology.runtime.yaml
        pipeline.phase1_template: configs/sdxl_lora_phase1_skin_histology.yaml
        pipeline.phase2_runtime: 
          configs/runtime/sdxl_lora_phase2_reward_skin_histology.runtime.yaml
        pipeline.phase2_template: 
          configs/sdxl_lora_phase2_reward_skin_histology.yaml
        pipeline.phase3_runtime: 
          configs/runtime/sdxl_lora_phase3_morph_reward_skin_histology.runtime.yaml
        pipeline.phase3_template: 
          configs/sdxl_lora_phase3_morph_reward_skin_histology.yaml
    outs:
    - path: configs/runtime/sdxl_lora_phase1_skin_histology.runtime.yaml
      hash: md5
      md5: 0ce7c8906445c0233a08db3c04b115ed
      size: 2164
    - path: configs/runtime/sdxl_lora_phase2_reward_skin_histology.runtime.yaml
      hash: md5
      md5: df95e97c012799030f044daceecc725d
      size: 2538
    - path: 
        configs/runtime/sdxl_lora_phase3_morph_reward_skin_histology.runtime.yaml
      hash: md5
      md5: ea6a238442f2ff87a8f72f95db6e9013
      size: 2727
    - path: data/metadata/runtime_config_sync.json
      hash: md5
      md5: 3f95ac97fb2bdbf9c2f42e93ec423c57
      size: 781
  download_histo_seg_dataset:
    cmd: python scripts/download_mendeley_histoseg.py --manifest-in 
      data/metadata/histo_seg_manifest.json --download --download-dir 
      data/raw/histo_seg_v2 --skip-existing
    deps:
    - path: data/metadata/histo_seg_manifest.json
      hash: md5
      md5: e2304a0b60093525d5c0a382a02b33d2
      size: 42325
    - path: params.yaml
      hash: md5
      md5: d9563f8ef8b8b4da67a9191c0b6865e2
      size: 1311
    - path: scripts/download_mendeley_histoseg.py
      hash: md5
      md5: f75b10f57d9aa5cb501befb50f69ded4
      size: 7671
    params:
      params.yaml:
        dataset.download_dir: data/raw/histo_seg_v2
    outs:
    - path: data/raw/histo_seg_v2
      hash: md5
      md5: 7e25c90abaef3feca3c9e3f8b4ef101d.dir
      size: 2964819087
      nfiles: 76
  build_histoseg_pairs_csv:
    cmd: python scripts/build_histoseg_pairs_csv.py --dataset-dir 
      data/raw/histo_seg_v2 --output-csv data/processed/histoseg_pairs.csv 
      --stats-json data/processed/histoseg_pairs_stats.json
    deps:
    - path: data/raw/histo_seg_v2
      hash: md5
      md5: 7e25c90abaef3feca3c9e3f8b4ef101d.dir
      size: 2964819087
      nfiles: 76
    - path: params.yaml
      hash: md5
      md5: d9563f8ef8b8b4da67a9191c0b6865e2
      size: 1311
    - path: scripts/build_histoseg_pairs_csv.py
      hash: md5
      md5: 1d4a125b0e321e81b5bc98b993db138d
      size: 7484
    params:
      params.yaml:
        dataset.pairs_csv: data/processed/histoseg_pairs.csv
        dataset.pairs_stats_json: data/processed/histoseg_pairs_stats.json
    outs:
    - path: data/processed/histoseg_pairs.csv
      hash: md5
      md5: d21e63f94d9c7c494556dc607c496451
      size: 13254
    - path: data/processed/histoseg_pairs_stats.json
      hash: md5
      md5: a9576f3a70db67491f75fd6bd7d35005
      size: 472
  generate_3d_test_masks:
    cmd: python scripts/3d/propagate_mask_across_slices.py --num-slices 10 
      --height 256 --width 256 --radius 0.3 --output-dir 
      data/artifacts/3d/test_masks --stats-json 
      data/artifacts/3d/test_masks_stats.json
    deps:
    - path: scripts/3d/propagate_mask_across_slices.py
      hash: md5
      md5: a3981f3f5f2c6e93c607b776b9db6641
      size: 5429
    outs:
    - path: data/artifacts/3d/test_masks
      hash: md5
      md5: 8ab864d90a19bb30eff126d5afd25e6d.dir
      size: 5380
      nfiles: 10
    - path: data/artifacts/3d/test_masks_stats.json
      hash: md5
      md5: 965ec1689b9090bb05a7d280b4aa5055
      size: 303
  stack_3d_test_volume:
    cmd: python scripts/3d/stack_slices_to_nifti.py --input-glob 
      "data/artifacts/3d/test_masks/mask_slice_*.png" --output-nifti 
      data/artifacts/3d/test_volume.nii.gz --pixdim 1.0 1.0 2.0 --stats-json 
      data/artifacts/3d/test_volume_stats.json
    deps:
    - path: data/artifacts/3d/test_masks
      hash: md5
      md5: 8ab864d90a19bb30eff126d5afd25e6d.dir
      size: 5380
      nfiles: 10
    - path: scripts/3d/stack_slices_to_nifti.py
      hash: md5
      md5: 4569df7c95d184c975c4f85f8f38faea
      size: 4095
    outs:
    - path: data/artifacts/3d/test_volume.nii.gz
      hash: md5
      md5: c879bf043c560b4c0582340032282af5
      size: 7872
    - path: data/artifacts/3d/test_volume_stats.json
      hash: md5
      md5: 9540184079a5a34d5f0abe6ea0a2bc66
      size: 336
  compute_3d_test_coherence:
    cmd: python scripts/3d/compute_z_coherence_metrics.py --volume-nifti 
      data/artifacts/3d/test_volume.nii.gz --output-json 
      data/artifacts/3d/test_coherence.json
    deps:
    - path: data/artifacts/3d/test_volume.nii.gz
      hash: md5
      md5: c879bf043c560b4c0582340032282af5
      size: 7872
    - path: scripts/3d/compute_z_coherence_metrics.py
      hash: md5
      md5: 71f4c06142ba3bcb8ac0109b76bb618c
      size: 7123
    outs:
    - path: data/artifacts/3d/test_coherence.json
      hash: md5
      md5: 101f5876f175a2c50b2c4d69803d364a
      size: 506
  generate_3d_synthetic_slices:
    cmd: python scripts/3d/generate_synthetic_slices.py --num-slices 10 --height
      256 --width 256 --pattern gradient --output-dir 
      data/artifacts/3d/synthetic_slices --stats-json 
      data/artifacts/3d/synthetic_slices_stats.json
    deps:
    - path: scripts/3d/generate_synthetic_slices.py
      hash: md5
      md5: d0bcf4c0f5fe98d88ddc7e0ad462b713
      size: 3603
    outs:
    - path: data/artifacts/3d/synthetic_slices
      hash: md5
      md5: 29045b250b5efe4d8ef580c7f69d6a8c.dir
      size: 83241
      nfiles: 10
    - path: data/artifacts/3d/synthetic_slices_stats.json
      hash: md5
      md5: adf655db1a5e24984d9df67f328759e1
      size: 191
  run_3d_volume_inpaint_tile_smoke:
    cmd: python scripts/3d/run_volume_inpaint_pipeline.py --slice-glob 
      "data/artifacts/3d/synthetic_slices/slice_*.png" --volume-id tile_smoke 
      --coarse-label non_cancer --num-slices 10 --mask-radius 0.3 --strict-bbox 
      --patch-size 512 --output-dir data/artifacts/3d/tile_inpaint_runs 
      --dry-run
    deps:
    - path: data/artifacts/3d/synthetic_slices
      hash: md5
      md5: 29045b250b5efe4d8ef580c7f69d6a8c.dir
      size: 83241
      nfiles: 10
    - path: scripts/3d/compute_z_coherence_metrics.py
      hash: md5
      md5: 71f4c06142ba3bcb8ac0109b76bb618c
      size: 7123
    - path: scripts/3d/propagate_mask_across_slices.py
      hash: md5
      md5: a3981f3f5f2c6e93c607b776b9db6641
      size: 5429
    - path: scripts/3d/run_volume_inpaint_pipeline.py
      hash: md5
      md5: 0598149db5fefbc207fe9a235c60878a
      size: 40133
    - path: scripts/3d/stack_slices_to_nifti.py
      hash: md5
      md5: 4569df7c95d184c975c4f85f8f38faea
      size: 4095
    - path: scripts/patches/extract_roi_patches.py
      hash: md5
      md5: f4f166a6dbc568be0415a4537f24aec6
      size: 15056
    - path: scripts/patches/inpaint_roi_patches.py
      hash: md5
      md5: fac93be719fd810a3b55481768161593
      size: 7936
    - path: scripts/patches/merge_inpainted_patches.py
      hash: md5
      md5: 37cd358b317e09cb20d48253646ef00b
      size: 6777
    outs:
    - path: data/artifacts/3d/tile_inpaint_runs
      hash: md5
      md5: 83c5a66a229fa68343eadb3ffe5b3726.dir
      size: 22828
      nfiles: 17
  run_3d_volume_inpaint_smoke:
    cmd: python scripts/3d/run_volume_inpaint_pipeline.py --slice-glob 
      "data/artifacts/3d/synthetic_slices/slice_*.png" --volume-id test_vol 
      --coarse-label non_cancer --num-slices 10 --slice-height 256 --slice-width
      256 --mask-radius 0.3 --output-dir data/artifacts/3d/volume_inpaint_runs 
      --dry-run
    deps:
    - path: data/artifacts/3d/synthetic_slices
      hash: md5
      md5: 29045b250b5efe4d8ef580c7f69d6a8c.dir
      size: 83241
      nfiles: 10
    - path: scripts/3d/build_volume_inpaint_metadata.py
      hash: md5
      md5: f134911f9fb7b4f20b567237ec3e8476
      size: 6042
    - path: scripts/3d/compute_z_coherence_metrics.py
      hash: md5
      md5: 71f4c06142ba3bcb8ac0109b76bb618c
      size: 7123
    - path: scripts/3d/propagate_mask_across_slices.py
      hash: md5
      md5: a3981f3f5f2c6e93c607b776b9db6641
      size: 5429
    - path: scripts/3d/run_volume_inpaint_pipeline.py
      hash: md5
      md5: 0598149db5fefbc207fe9a235c60878a
      size: 40133
    - path: scripts/3d/stack_slices_to_nifti.py
      hash: md5
      md5: 4569df7c95d184c975c4f85f8f38faea
      size: 4095
    - path: scripts/patches/inpaint_roi_patches.py
      hash: md5
      md5: fac93be719fd810a3b55481768161593
      size: 7936
    outs:
    - path: data/artifacts/3d/volume_inpaint_runs
      hash: md5
      md5: f0e207169a903799843e1ebc5263391f.dir
      size: 22773
      nfiles: 17
